
Microsoft Visual Studio Solution File, Format Version 12.00
# Visual Studio Version 17
VisualStudioVersion = 17.0.31903.59
MinimumVisualStudioVersion = 10.0.40219.1
Project("{FAE04EC0-301F-11D3-BF4B-00C04F79EFBC}") = "Star_Plugin", "Star_Plugin\Star_Plugin.csproj", "{D4FB6EF7-91B9-4010-A923-D331DE21815F}"
EndProject
Global
	GlobalSection(SolutionConfigurationPlatforms) = preSolution
		Debug|Any CPU = Debug|Any CPU
		Release|Any CPU = Release|Any CPU
	EndGlobalSection
	GlobalSection(ProjectConfigurationPlatforms) = postSolution
		{D4FB6EF7-91B9-4010-A923-D331DE21815F}.Debug|Any CPU.ActiveCfg = Debug|Any CPU
		{D4FB6EF7-91B9-4010-A923-D331DE21815F}.Debug|Any CPU.Build.0 = Debug|Any CPU
		{D4FB6EF7-91B9-4010-A923-D331DE21815F}.Release|Any CPU.ActiveCfg = Release|Any CPU
		{D4FB6EF7-91B9-4010-A923-D331DE21815F}.Release|Any CPU.Build.0 = Release|Any CPU
	EndGlobalSection
	GlobalSection(SolutionProperties) = preSolution
		HideSolutionNode = FALSE
	EndGlobalSection
	GlobalSection(ExtensibilityGlobals) = postSolution
		SolutionGuid = {D592A15E-DC56-4F8B-89D9-A019CE88CF90}
	EndGlobalSection
EndGlobal
